
Microsoft Visual Studio Solution File, Format Version 12.00
# Visual Studio Version 16
VisualStudioVersion = 16.0.31624.102
MinimumVisualStudioVersion = 10.0.40219.1
Project("{FAE04EC0-301F-11D3-BF4B-00C04F79EFBC}") = "EGE_bot", "EGE_bot\EGE_bot.csproj", "{DDB41F89-FBCF-4FD7-A161-D4FEA2D948B0}"
EndProject
Project("{2150E333-8FDC-42A3-9474-1A3956D46DE8}") = "Solution Items", "Solution Items", "{3FA2F99F-C320-4568-96DD-FAED042244DB}"
EndProject
Global
	GlobalSection(SolutionConfigurationPlatforms) = preSolution
		Debug|Any CPU = Debug|Any CPU
		Release|Any CPU = Release|Any CPU
	EndGlobalSection
	GlobalSection(ProjectConfigurationPlatforms) = postSolution
		{DDB41F89-FBCF-4FD7-A161-D4FEA2D948B0}.Debug|Any CPU.ActiveCfg = Debug|Any CPU
		{DDB41F89-FBCF-4FD7-A161-D4FEA2D948B0}.Debug|Any CPU.Build.0 = Debug|Any CPU
		{DDB41F89-FBCF-4FD7-A161-D4FEA2D948B0}.Release|Any CPU.ActiveCfg = Release|Any CPU
		{DDB41F89-FBCF-4FD7-A161-D4FEA2D948B0}.Release|Any CPU.Build.0 = Release|Any CPU
	EndGlobalSection
	GlobalSection(SolutionProperties) = preSolution
		HideSolutionNode = FALSE
	EndGlobalSection
	GlobalSection(ExtensibilityGlobals) = postSolution
		SolutionGuid = {7C90F773-5BB8-4321-BC94-94F493A2C29E}
	EndGlobalSection
EndGlobal
